
Microsoft Visual Studio Solution File, Format Version 12.00
# Visual Studio Version 17
VisualStudioVersion = 17.13.35825.156 d17.13
MinimumVisualStudioVersion = 10.0.40219.1
Project("{FAE04EC0-301F-11D3-BF4B-00C04F79EFBC}") = "WinDnsRecordCreator", "WinDnsRecordCreator\WinDnsRecordCreator.csproj", "{54AC5E58-EF4F-4A8F-859E-0B78F928B330}"
EndProject
Global
	GlobalSection(SolutionConfigurationPlatforms) = preSolution
		Debug|Any CPU = Debug|Any CPU
		Release|Any CPU = Release|Any CPU
	EndGlobalSection
	GlobalSection(ProjectConfigurationPlatforms) = postSolution
		{54AC5E58-EF4F-4A8F-859E-0B78F928B330}.Debug|Any CPU.ActiveCfg = Debug|Any CPU
		{54AC5E58-EF4F-4A8F-859E-0B78F928B330}.Debug|Any CPU.Build.0 = Debug|Any CPU
		{54AC5E58-EF4F-4A8F-859E-0B78F928B330}.Release|Any CPU.ActiveCfg = Release|Any CPU
		{54AC5E58-EF4F-4A8F-859E-0B78F928B330}.Release|Any CPU.Build.0 = Release|Any CPU
	EndGlobalSection
	GlobalSection(SolutionProperties) = preSolution
		HideSolutionNode = FALSE
	EndGlobalSection
	GlobalSection(ExtensibilityGlobals) = postSolution
		SolutionGuid = {B6192FD8-C427-4440-85E1-FC8920611FC2}
	EndGlobalSection
EndGlobal
